
Microsoft Visual Studio Solution File, Format Version 12.00
# Visual Studio Version 17
VisualStudioVersion = 17.4.33213.308
MinimumVisualStudioVersion = 10.0.40219.1
Project("{9A19103F-16F7-4668-BE54-9A1E7A4F7556}") = "DataAccess", "Gateway\DataAccess\DataAccess.csproj", "{2D4F21FA-65D9-45CF-9509-300979A43C6D}"
EndProject
Project("{9A19103F-16F7-4668-BE54-9A1E7A4F7556}") = "Core", "Gateway\Core\Core.csproj", "{B9D104EA-E37C-4941-8973-391B7E48879F}"
EndProject
Project("{9A19103F-16F7-4668-BE54-9A1E7A4F7556}") = "App.Web", "Gateway\App.Web\App.Web.csproj", "{8BD372A9-B9AC-41C8-B34B-222A21AB4393}"
EndProject
Project("{2150E333-8FDC-42A3-9474-1A3956D46DE8}") = "Server (Gateway)", "Server (Gateway)", "{1ECCD197-0C96-4BD7-BF00-E561DF39AD79}"
EndProject
Project("{2150E333-8FDC-42A3-9474-1A3956D46DE8}") = "Client", "Client", "{1939CC27-038E-4E6C-A77C-EAD44B605C7B}"
EndProject
Project("{2150E333-8FDC-42A3-9474-1A3956D46DE8}") = "Services", "Services", "{C1591E7F-905D-4721-AE4D-E2D5B654A8DC}"
EndProject
Project("{9A19103F-16F7-4668-BE54-9A1E7A4F7556}") = "App.Server", "Client\App.Server\App.Server.csproj", "{5877E302-9BF5-4EC4-9050-326855DE55B1}"
EndProject
Project("{9A19103F-16F7-4668-BE54-9A1E7A4F7556}") = "App.Web", "Client\App.Web\App.Web.csproj", "{2800C1DA-F825-49E3-AEDF-495B887B2BD4}"
EndProject
Project("{9A19103F-16F7-4668-BE54-9A1E7A4F7556}") = "Core", "Client\Core\Core.csproj", "{03D10775-7910-46BD-B91A-313359028DD3}"
EndProject
Project("{9A19103F-16F7-4668-BE54-9A1E7A4F7556}") = "Business", "Client\Business\Business.csproj", "{FAF429D3-40FC-4B18-AE09-20690692671D}"
EndProject
Project("{9A19103F-16F7-4668-BE54-9A1E7A4F7556}") = "Providers", "Client\Providers\Providers.csproj", "{11E650D6-D334-485B-87ED-11C6D184A9D8}"
EndProject
Project("{9A19103F-16F7-4668-BE54-9A1E7A4F7556}") = "Worker.Web", "Client\Worker.Web\Worker.Web.csproj", "{3D6E0C78-BA18-4D1C-A4C5-9FC24EBE16CC}"
EndProject
Project("{9A19103F-16F7-4668-BE54-9A1E7A4F7556}") = "Worker", "Client\Worker\Worker.csproj", "{7708A8ED-5688-4A2C-88B2-76EE0A165B33}"
EndProject
Project("{9A19103F-16F7-4668-BE54-9A1E7A4F7556}") = "Worker", "Services\Worker\Worker.csproj", "{0DEB9626-65DB-4645-9330-135266CD810D}"
EndProject
Project("{9A19103F-16F7-4668-BE54-9A1E7A4F7556}") = "Worker.Web", "Services\Worker.Web\Worker.Web.csproj", "{EBC83378-CDC9-4246-A3A2-E549AF950AE1}"
EndProject
Project("{9A19103F-16F7-4668-BE54-9A1E7A4F7556}") = "Core", "Services\Core\Core.csproj", "{B8BAEDDD-65C0-49AF-8276-7DB9ED94ADED}"
EndProject
Project("{9A19103F-16F7-4668-BE54-9A1E7A4F7556}") = "Business", "Services\Business\Business.csproj", "{D004B75C-4C57-448D-8E2E-890081420E04}"
EndProject
Project("{9A19103F-16F7-4668-BE54-9A1E7A4F7556}") = "GraphQL.Lib", "GraphQL.Lib\GraphQL.Lib.csproj", "{A62C380D-5CD4-4A7F-95D2-27A0D59EC99C}"
EndProject
Project("{9A19103F-16F7-4668-BE54-9A1E7A4F7556}") = "App.SignalR", "Client\App.SignalR\App.SignalR.csproj", "{ED39520C-1E85-4447-9EB3-0251A21F323E}"
EndProject
Project("{9A19103F-16F7-4668-BE54-9A1E7A4F7556}") = "Bus", "Client\Bus\Bus.csproj", "{7D271F67-ECAF-4038-8FA3-8BBAA1509838}"
EndProject
Project("{00D1A9C2-B5F0-4AF3-8072-F6C62B433612}") = "Database", "Gateway\Database\Database.sqlproj", "{712687B0-8AD5-43A8-8BC6-3068D78CEBE0}"
EndProject
Global
	GlobalSection(SolutionConfigurationPlatforms) = preSolution
		Debug|Any CPU = Debug|Any CPU
		Release|Any CPU = Release|Any CPU
	EndGlobalSection
	GlobalSection(ProjectConfigurationPlatforms) = postSolution
		{2D4F21FA-65D9-45CF-9509-300979A43C6D}.Debug|Any CPU.ActiveCfg = Debug|Any CPU
		{2D4F21FA-65D9-45CF-9509-300979A43C6D}.Debug|Any CPU.Build.0 = Debug|Any CPU
		{2D4F21FA-65D9-45CF-9509-300979A43C6D}.Release|Any CPU.ActiveCfg = Release|Any CPU
		{2D4F21FA-65D9-45CF-9509-300979A43C6D}.Release|Any CPU.Build.0 = Release|Any CPU
		{B9D104EA-E37C-4941-8973-391B7E48879F}.Debug|Any CPU.ActiveCfg = Debug|Any CPU
		{B9D104EA-E37C-4941-8973-391B7E48879F}.Debug|Any CPU.Build.0 = Debug|Any CPU
		{B9D104EA-E37C-4941-8973-391B7E48879F}.Release|Any CPU.ActiveCfg = Release|Any CPU
		{B9D104EA-E37C-4941-8973-391B7E48879F}.Release|Any CPU.Build.0 = Release|Any CPU
		{8BD372A9-B9AC-41C8-B34B-222A21AB4393}.Debug|Any CPU.ActiveCfg = Debug|Any CPU
		{8BD372A9-B9AC-41C8-B34B-222A21AB4393}.Debug|Any CPU.Build.0 = Debug|Any CPU
		{8BD372A9-B9AC-41C8-B34B-222A21AB4393}.Release|Any CPU.ActiveCfg = Release|Any CPU
		{8BD372A9-B9AC-41C8-B34B-222A21AB4393}.Release|Any CPU.Build.0 = Release|Any CPU
		{5877E302-9BF5-4EC4-9050-326855DE55B1}.Debug|Any CPU.ActiveCfg = Debug|Any CPU
		{5877E302-9BF5-4EC4-9050-326855DE55B1}.Debug|Any CPU.Build.0 = Debug|Any CPU
		{5877E302-9BF5-4EC4-9050-326855DE55B1}.Release|Any CPU.ActiveCfg = Release|Any CPU
		{5877E302-9BF5-4EC4-9050-326855DE55B1}.Release|Any CPU.Build.0 = Release|Any CPU
		{2800C1DA-F825-49E3-AEDF-495B887B2BD4}.Debug|Any CPU.ActiveCfg = Debug|Any CPU
		{2800C1DA-F825-49E3-AEDF-495B887B2BD4}.Debug|Any CPU.Build.0 = Debug|Any CPU
		{2800C1DA-F825-49E3-AEDF-495B887B2BD4}.Release|Any CPU.ActiveCfg = Release|Any CPU
		{2800C1DA-F825-49E3-AEDF-495B887B2BD4}.Release|Any CPU.Build.0 = Release|Any CPU
		{03D10775-7910-46BD-B91A-313359028DD3}.Debug|Any CPU.ActiveCfg = Debug|Any CPU
		{03D10775-7910-46BD-B91A-313359028DD3}.Debug|Any CPU.Build.0 = Debug|Any CPU
		{03D10775-7910-46BD-B91A-313359028DD3}.Release|Any CPU.ActiveCfg = Release|Any CPU
		{03D10775-7910-46BD-B91A-313359028DD3}.Release|Any CPU.Build.0 = Release|Any CPU
		{FAF429D3-40FC-4B18-AE09-20690692671D}.Debug|Any CPU.ActiveCfg = Debug|Any CPU
		{FAF429D3-40FC-4B18-AE09-20690692671D}.Debug|Any CPU.Build.0 = Debug|Any CPU
		{FAF429D3-40FC-4B18-AE09-20690692671D}.Release|Any CPU.ActiveCfg = Release|Any CPU
		{FAF429D3-40FC-4B18-AE09-20690692671D}.Release|Any CPU.Build.0 = Release|Any CPU
		{11E650D6-D334-485B-87ED-11C6D184A9D8}.Debug|Any CPU.ActiveCfg = Debug|Any CPU
		{11E650D6-D334-485B-87ED-11C6D184A9D8}.Debug|Any CPU.Build.0 = Debug|Any CPU
		{11E650D6-D334-485B-87ED-11C6D184A9D8}.Release|Any CPU.ActiveCfg = Release|Any CPU
		{11E650D6-D334-485B-87ED-11C6D184A9D8}.Release|Any CPU.Build.0 = Release|Any CPU
		{3D6E0C78-BA18-4D1C-A4C5-9FC24EBE16CC}.Debug|Any CPU.ActiveCfg = Debug|Any CPU
		{3D6E0C78-BA18-4D1C-A4C5-9FC24EBE16CC}.Debug|Any CPU.Build.0 = Debug|Any CPU
		{3D6E0C78-BA18-4D1C-A4C5-9FC24EBE16CC}.Release|Any CPU.ActiveCfg = Release|Any CPU
		{3D6E0C78-BA18-4D1C-A4C5-9FC24EBE16CC}.Release|Any CPU.Build.0 = Release|Any CPU
		{7708A8ED-5688-4A2C-88B2-76EE0A165B33}.Debug|Any CPU.ActiveCfg = Debug|Any CPU
		{7708A8ED-5688-4A2C-88B2-76EE0A165B33}.Debug|Any CPU.Build.0 = Debug|Any CPU
		{7708A8ED-5688-4A2C-88B2-76EE0A165B33}.Release|Any CPU.ActiveCfg = Release|Any CPU
		{7708A8ED-5688-4A2C-88B2-76EE0A165B33}.Release|Any CPU.Build.0 = Release|Any CPU
		{0DEB9626-65DB-4645-9330-135266CD810D}.Debug|Any CPU.ActiveCfg = Debug|Any CPU
		{0DEB9626-65DB-4645-9330-135266CD810D}.Debug|Any CPU.Build.0 = Debug|Any CPU
		{0DEB9626-65DB-4645-9330-135266CD810D}.Release|Any CPU.ActiveCfg = Release|Any CPU
		{0DEB9626-65DB-4645-9330-135266CD810D}.Release|Any CPU.Build.0 = Release|Any CPU
		{EBC83378-CDC9-4246-A3A2-E549AF950AE1}.Debug|Any CPU.ActiveCfg = Debug|Any CPU
		{EBC83378-CDC9-4246-A3A2-E549AF950AE1}.Debug|Any CPU.Build.0 = Debug|Any CPU
		{EBC83378-CDC9-4246-A3A2-E549AF950AE1}.Release|Any CPU.ActiveCfg = Release|Any CPU
		{EBC83378-CDC9-4246-A3A2-E549AF950AE1}.Release|Any CPU.Build.0 = Release|Any CPU
		{B8BAEDDD-65C0-49AF-8276-7DB9ED94ADED}.Debug|Any CPU.ActiveCfg = Debug|Any CPU
		{B8BAEDDD-65C0-49AF-8276-7DB9ED94ADED}.Debug|Any CPU.Build.0 = Debug|Any CPU
		{B8BAEDDD-65C0-49AF-8276-7DB9ED94ADED}.Release|Any CPU.ActiveCfg = Release|Any CPU
		{B8BAEDDD-65C0-49AF-8276-7DB9ED94ADED}.Release|Any CPU.Build.0 = Release|Any CPU
		{D004B75C-4C57-448D-8E2E-890081420E04}.Debug|Any CPU.ActiveCfg = Debug|Any CPU
		{D004B75C-4C57-448D-8E2E-890081420E04}.Debug|Any CPU.Build.0 = Debug|Any CPU
		{D004B75C-4C57-448D-8E2E-890081420E04}.Release|Any CPU.ActiveCfg = Release|Any CPU
		{D004B75C-4C57-448D-8E2E-890081420E04}.Release|Any CPU.Build.0 = Release|Any CPU
		{A62C380D-5CD4-4A7F-95D2-27A0D59EC99C}.Debug|Any CPU.ActiveCfg = Debug|Any CPU
		{A62C380D-5CD4-4A7F-95D2-27A0D59EC99C}.Debug|Any CPU.Build.0 = Debug|Any CPU
		{A62C380D-5CD4-4A7F-95D2-27A0D59EC99C}.Release|Any CPU.ActiveCfg = Release|Any CPU
		{A62C380D-5CD4-4A7F-95D2-27A0D59EC99C}.Release|Any CPU.Build.0 = Release|Any CPU
		{ED39520C-1E85-4447-9EB3-0251A21F323E}.Debug|Any CPU.ActiveCfg = Debug|Any CPU
		{ED39520C-1E85-4447-9EB3-0251A21F323E}.Debug|Any CPU.Build.0 = Debug|Any CPU
		{ED39520C-1E85-4447-9EB3-0251A21F323E}.Release|Any CPU.ActiveCfg = Release|Any CPU
		{ED39520C-1E85-4447-9EB3-0251A21F323E}.Release|Any CPU.Build.0 = Release|Any CPU
		{7D271F67-ECAF-4038-8FA3-8BBAA1509838}.Debug|Any CPU.ActiveCfg = Debug|Any CPU
		{7D271F67-ECAF-4038-8FA3-8BBAA1509838}.Debug|Any CPU.Build.0 = Debug|Any CPU
		{7D271F67-ECAF-4038-8FA3-8BBAA1509838}.Release|Any CPU.ActiveCfg = Release|Any CPU
		{7D271F67-ECAF-4038-8FA3-8BBAA1509838}.Release|Any CPU.Build.0 = Release|Any CPU
		{712687B0-8AD5-43A8-8BC6-3068D78CEBE0}.Debug|Any CPU.ActiveCfg = Debug|Any CPU
		{712687B0-8AD5-43A8-8BC6-3068D78CEBE0}.Debug|Any CPU.Build.0 = Debug|Any CPU
		{712687B0-8AD5-43A8-8BC6-3068D78CEBE0}.Debug|Any CPU.Deploy.0 = Debug|Any CPU
		{712687B0-8AD5-43A8-8BC6-3068D78CEBE0}.Release|Any CPU.ActiveCfg = Release|Any CPU
		{712687B0-8AD5-43A8-8BC6-3068D78CEBE0}.Release|Any CPU.Build.0 = Release|Any CPU
		{712687B0-8AD5-43A8-8BC6-3068D78CEBE0}.Release|Any CPU.Deploy.0 = Release|Any CPU
	EndGlobalSection
	GlobalSection(SolutionProperties) = preSolution
		HideSolutionNode = FALSE
	EndGlobalSection
	GlobalSection(NestedProjects) = preSolution
		{2D4F21FA-65D9-45CF-9509-300979A43C6D} = {1ECCD197-0C96-4BD7-BF00-E561DF39AD79}
		{B9D104EA-E37C-4941-8973-391B7E48879F} = {1ECCD197-0C96-4BD7-BF00-E561DF39AD79}
		{8BD372A9-B9AC-41C8-B34B-222A21AB4393} = {1ECCD197-0C96-4BD7-BF00-E561DF39AD79}
		{5877E302-9BF5-4EC4-9050-326855DE55B1} = {1939CC27-038E-4E6C-A77C-EAD44B605C7B}
		{2800C1DA-F825-49E3-AEDF-495B887B2BD4} = {1939CC27-038E-4E6C-A77C-EAD44B605C7B}
		{03D10775-7910-46BD-B91A-313359028DD3} = {1939CC27-038E-4E6C-A77C-EAD44B605C7B}
		{FAF429D3-40FC-4B18-AE09-20690692671D} = {1939CC27-038E-4E6C-A77C-EAD44B605C7B}
		{11E650D6-D334-485B-87ED-11C6D184A9D8} = {1939CC27-038E-4E6C-A77C-EAD44B605C7B}
		{3D6E0C78-BA18-4D1C-A4C5-9FC24EBE16CC} = {1939CC27-038E-4E6C-A77C-EAD44B605C7B}
		{7708A8ED-5688-4A2C-88B2-76EE0A165B33} = {1939CC27-038E-4E6C-A77C-EAD44B605C7B}
		{0DEB9626-65DB-4645-9330-135266CD810D} = {C1591E7F-905D-4721-AE4D-E2D5B654A8DC}
		{EBC83378-CDC9-4246-A3A2-E549AF950AE1} = {C1591E7F-905D-4721-AE4D-E2D5B654A8DC}
		{B8BAEDDD-65C0-49AF-8276-7DB9ED94ADED} = {C1591E7F-905D-4721-AE4D-E2D5B654A8DC}
		{D004B75C-4C57-448D-8E2E-890081420E04} = {C1591E7F-905D-4721-AE4D-E2D5B654A8DC}
		{A62C380D-5CD4-4A7F-95D2-27A0D59EC99C} = {1939CC27-038E-4E6C-A77C-EAD44B605C7B}
		{ED39520C-1E85-4447-9EB3-0251A21F323E} = {1939CC27-038E-4E6C-A77C-EAD44B605C7B}
		{7D271F67-ECAF-4038-8FA3-8BBAA1509838} = {1939CC27-038E-4E6C-A77C-EAD44B605C7B}
		{712687B0-8AD5-43A8-8BC6-3068D78CEBE0} = {1ECCD197-0C96-4BD7-BF00-E561DF39AD79}
	EndGlobalSection
	GlobalSection(ExtensibilityGlobals) = postSolution
		SolutionGuid = {DAB0A00D-F7EF-4143-B0F5-97915F26492F}
	EndGlobalSection
EndGlobal
